
Microsoft Visual Studio Solution File, Format Version 12.00
Project("{FAE04EC0-301F-11D3-BF4B-00C04F79EFBC}") = "Behavioral-Design-Patterns", "Behavioral-Design-Patterns.csproj", "{06F06316-B3F8-4056-A9CF-2B92B4CCC1A4}"
EndProject
Global
	GlobalSection(SolutionConfigurationPlatforms) = preSolution
		Debug|Any CPU = Debug|Any CPU
		Release|Any CPU = Release|Any CPU
	EndGlobalSection
	GlobalSection(ProjectConfigurationPlatforms) = postSolution
		{06F06316-B3F8-4056-A9CF-2B92B4CCC1A4}.Debug|Any CPU.ActiveCfg = Debug|Any CPU
		{06F06316-B3F8-4056-A9CF-2B92B4CCC1A4}.Debug|Any CPU.Build.0 = Debug|Any CPU
		{06F06316-B3F8-4056-A9CF-2B92B4CCC1A4}.Release|Any CPU.ActiveCfg = Release|Any CPU
		{06F06316-B3F8-4056-A9CF-2B92B4CCC1A4}.Release|Any CPU.Build.0 = Release|Any CPU
	EndGlobalSection
EndGlobal
